// !$*UTF8*$!
{
	archiveVersion = 1;
	classes = {
	};
	objectVersion = 46;
	objects = {

/* Begin PBXBuildFile section */
		A6AEAA1B1CC609E000D017FA /* main.m in Sources */ = {isa = PBXBuildFile; fileRef = A6AEAA1A1CC609E000D017FA /* main.m */; };
		A6AEAA1E1CC609E000D017FA /* AppDelegate.m in Sources */ = {isa = PBXBuildFile; fileRef = A6AEAA1D1CC609E000D017FA /* AppDelegate.m */; };
		A6AEAA211CC609E000D017FA /* ViewController.m in Sources */ = {isa = PBXBuildFile; fileRef = A6AEAA201CC609E000D017FA /* ViewController.m */; };
		A6AEAA241CC609E000D017FA /* Main.storyboard in Resources */ = {isa = PBXBuildFile; fileRef = A6AEAA221CC609E000D017FA /* Main.storyboard */; };
		A6AEAA261CC609E000D017FA /* Assets.xcassets in Resources */ = {isa = PBXBuildFile; fileRef = A6AEAA251CC609E000D017FA /* Assets.xcassets */; };
		A6AEAA291CC609E000D017FA /* LaunchScreen.storyboard in Resources */ = {isa = PBXBuildFile; fileRef = A6AEAA271CC609E000D017FA /* LaunchScreen.storyboard */; };
		A6AEAA341CC609E000D017FA /* MetaWithEditTests.m in Sources */ = {isa = PBXBuildFile; fileRef = A6AEAA331CC609E000D017FA /* MetaWithEditTests.m */; };
		A6AEAA3F1CC609E000D017FA /* MetaWithEditUITests.m in Sources */ = {isa = PBXBuildFile; fileRef = A6AEAA3E1CC609E000D017FA /* MetaWithEditUITests.m */; };
		A6AEAA4F1CC60BB700D017FA /* CGPMetaButton.m in Sources */ = {isa = PBXBuildFile; fileRef = A6AEAA4E1CC60BB700D017FA /* CGPMetaButton.m */; };
		A6AEAA541CC63B5300D017FA /* CGPMetaView.m in Sources */ = {isa = PBXBuildFile; fileRef = A6AEAA531CC63B5300D017FA /* CGPMetaView.m */; };
		A6F2B7741CC7578800A0DFEA /* UIButton+EnlargeTouchArea.m in Sources */ = {isa = PBXBuildFile; fileRef = A6F2B7721CC7578800A0DFEA /* UIButton+EnlargeTouchArea.m */; };
/* End PBXBuildFile section */

/* Begin PBXContainerItemProxy section */
		A6AEAA301CC609E000D017FA /* PBXContainerItemProxy */ = {
			isa = PBXContainerItemProxy;
			containerPortal = A6AEAA0E1CC609DF00D017FA /* Project object */;
			proxyType = 1;
			remoteGlobalIDString = A6AEAA151CC609E000D017FA;
			remoteInfo = MetaWithEdit;
		};
		A6AEAA3B1CC609E000D017FA /* PBXContainerItemProxy */ = {
			isa = PBXContainerItemProxy;
			containerPortal = A6AEAA0E1CC609DF00D017FA /* Project object */;
			proxyType = 1;
			remoteGlobalIDString = A6AEAA151CC609E000D017FA;
			remoteInfo = MetaWithEdit;
		};
/* End PBXContainerItemProxy section */

/* Begin PBXFileReference section */
		11C294731B2FEEE9B2FDD83A /* Pods.debug.xcconfig */ = {isa = PBXFileReference; includeInIndex = 1; lastKnownFileType = text.xcconfig; name = Pods.debug.xcconfig; path = "Pods/Target Support Files/Pods/Pods.debug.xcconfig"; sourceTree = "<group>"; };
		94A8A3A9C3FFEF30DFF98D7B /* Pods.release.xcconfig */ = {isa = PBXFileReference; includeInIndex = 1; lastKnownFileType = text.xcconfig; name = Pods.release.xcconfig; path = "Pods/Target Support Files/Pods/Pods.release.xcconfig"; sourceTree = "<group>"; };
		A5A6079C911AD3F8929AABA3 /* libPods.a */ = {isa = PBXFileReference; explicitFileType = archive.ar; includeInIndex = 0; path = libPods.a; sourceTree = BUILT_PRODUCTS_DIR; };
		A6AEAA161CC609E000D017FA /* MetaWithEdit.app */ = {isa = PBXFileReference; explicitFileType = wrapper.application; includeInIndex = 0; path = MetaWithEdit.app; sourceTree = BUILT_PRODUCTS_DIR; };
		A6AEAA1A1CC609E000D017FA /* main.m */ = {isa = PBXFileReference; lastKnownFileType = sourcecode.c.objc; path = main.m; sourceTree = "<group>"; };
		A6AEAA1C1CC609E000D017FA /* AppDelegate.h */ = {isa = PBXFileReference; lastKnownFileType = sourcecode.c.h; path = AppDelegate.h; sourceTree = "<group>"; };
		A6AEAA1D1CC609E000D017FA /* AppDelegate.m */ = {isa = PBXFileReference; lastKnownFileType = sourcecode.c.objc; path = AppDelegate.m; sourceTree = "<group>"; };
		A6AEAA1F1CC609E000D017FA /* ViewController.h */ = {isa = PBXFileReference; lastKnownFileType = sourcecode.c.h; path = ViewController.h; sourceTree = "<group>"; };
		A6AEAA201CC609E000D017FA /* ViewController.m */ = {isa = PBXFileReference; lastKnownFileType = sourcecode.c.objc; path = ViewController.m; sourceTree = "<group>"; };
		A6AEAA231CC609E000D017FA /* Base */ = {isa = PBXFileReference; lastKnownFileType = file.storyboard; name = Base; path = Base.lproj/Main.storyboard; sourceTree = "<group>"; };
		A6AEAA251CC609E000D017FA /* Assets.xcassets */ = {isa = PBXFileReference; lastKnownFileType = folder.assetcatalog; path = Assets.xcassets; sourceTree = "<group>"; };
		A6AEAA281CC609E000D017FA /* Base */ = {isa = PBXFileReference; lastKnownFileType = file.storyboard; name = Base; path = Base.lproj/LaunchScreen.storyboard; sourceTree = "<group>"; };
		A6AEAA2A1CC609E000D017FA /* Info.plist */ = {isa = PBXFileReference; lastKnownFileType = text.plist.xml; path = Info.plist; sourceTree = "<group>"; };
		A6AEAA2F1CC609E000D017FA /* MetaWithEditTests.xctest */ = {isa = PBXFileReference; explicitFileType = wrapper.cfbundle; includeInIndex = 0; path = MetaWithEditTests.xctest; sourceTree = BUILT_PRODUCTS_DIR; };
		A6AEAA331CC609E000D017FA /* MetaWithEditTests.m */ = {isa = PBXFileReference; lastKnownFileType = sourcecode.c.objc; path = MetaWithEditTests.m; sourceTree = "<group>"; };
		A6AEAA351CC609E000D017FA /* Info.plist */ = {isa = PBXFileReference; lastKnownFileType = text.plist.xml; path = Info.plist; sourceTree = "<group>"; };
		A6AEAA3A1CC609E000D017FA /* MetaWithEditUITests.xctest */ = {isa = PBXFileReference; explicitFileType = wrapper.cfbundle; includeInIndex = 0; path = MetaWithEditUITests.xctest; sourceTree = BUILT_PRODUCTS_DIR; };
		A6AEAA3E1CC609E000D017FA /* MetaWithEditUITests.m */ = {isa = PBXFileReference; lastKnownFileType = sourcecode.c.objc; path = MetaWithEditUITests.m; sourceTree = "<group>"; };
		A6AEAA401CC609E000D017FA /* Info.plist */ = {isa = PBXFileReference; lastKnownFileType = text.plist.xml; path = Info.plist; sourceTree = "<group>"; };
		A6AEAA4D1CC60BB700D017FA /* CGPMetaButton.h */ = {isa = PBXFileReference; fileEncoding = 4; lastKnownFileType = sourcecode.c.h; path = CGPMetaButton.h; sourceTree = "<group>"; };
		A6AEAA4E1CC60BB700D017FA /* CGPMetaButton.m */ = {isa = PBXFileReference; fileEncoding = 4; lastKnownFileType = sourcecode.c.objc; path = CGPMetaButton.m; sourceTree = "<group>"; };
		A6AEAA521CC63B5300D017FA /* CGPMetaView.h */ = {isa = PBXFileReference; fileEncoding = 4; lastKnownFileType = sourcecode.c.h; path = CGPMetaView.h; sourceTree = "<group>"; };
		A6AEAA531CC63B5300D017FA /* CGPMetaView.m */ = {isa = PBXFileReference; fileEncoding = 4; lastKnownFileType = sourcecode.c.objc; path = CGPMetaView.m; sourceTree = "<group>"; };
		A6F2B7711CC7578800A0DFEA /* UIButton+EnlargeTouchArea.h */ = {isa = PBXFileReference; fileEncoding = 4; lastKnownFileType = sourcecode.c.h; path = "UIButton+EnlargeTouchArea.h"; sourceTree = "<group>"; };
		A6F2B7721CC7578800A0DFEA /* UIButton+EnlargeTouchArea.m */ = {isa = PBXFileReference; fileEncoding = 4; lastKnownFileType = sourcecode.c.objc; path = "UIButton+EnlargeTouchArea.m"; sourceTree = "<group>"; };
/* End PBXFileReference section */

/* Begin PBXFrameworksBuildPhase section */
		A6AEAA131CC609E000D017FA /* Frameworks */ = {
			isa = PBXFrameworksBuildPhase;
			buildActionMask = 2147483647;
			files = (
			);
			runOnlyForDeploymentPostprocessing = 0;
		};
		A6AEAA2C1CC609E000D017FA /* Frameworks */ = {
			isa = PBXFrameworksBuildPhase;
			buildActionMask = 2147483647;
			files = (
			);
			runOnlyForDeploymentPostprocessing = 0;
		};
		A6AEAA371CC609E000D017FA /* Frameworks */ = {
			isa = PBXFrameworksBuildPhase;
			buildActionMask = 2147483647;
			files = (
			);
			runOnlyForDeploymentPostprocessing = 0;
		};
/* End PBXFrameworksBuildPhase section */

/* Begin PBXGroup section */
		1393D1778EC36CF6F6F20B08 /* Frameworks */ = {
			isa = PBXGroup;
			children = (
				A5A6079C911AD3F8929AABA3 /* libPods.a */,
			);
			name = Frameworks;
			sourceTree = "<group>";
		};
		A35C8C5B106522A14AA4D130 /* Pods */ = {
			isa = PBXGroup;
			children = (
				11C294731B2FEEE9B2FDD83A /* Pods.debug.xcconfig */,
				94A8A3A9C3FFEF30DFF98D7B /* Pods.release.xcconfig */,
			);
			name = Pods;
			sourceTree = "<group>";
		};
		A6AEAA0D1CC609DF00D017FA = {
			isa = PBXGroup;
			children = (
				A6AEAA181CC609E000D017FA /* MetaWithEdit */,
				A6AEAA321CC609E000D017FA /* MetaWithEditTests */,
				A6AEAA3D1CC609E000D017FA /* MetaWithEditUITests */,
				A6AEAA171CC609E000D017FA /* Products */,
				A35C8C5B106522A14AA4D130 /* Pods */,
				1393D1778EC36CF6F6F20B08 /* Frameworks */,
			);
			sourceTree = "<group>";
		};
		A6AEAA171CC609E000D017FA /* Products */ = {
			isa = PBXGroup;
			children = (
				A6AEAA161CC609E000D017FA /* MetaWithEdit.app */,
				A6AEAA2F1CC609E000D017FA /* MetaWithEditTests.xctest */,
				A6AEAA3A1CC609E000D017FA /* MetaWithEditUITests.xctest */,
			);
			name = Products;
			sourceTree = "<group>";
		};
		A6AEAA181CC609E000D017FA /* MetaWithEdit */ = {
			isa = PBXGroup;
			children = (
				A6F2B76E1CC7578800A0DFEA /* ButtonCategory */,
				A6AEAA4C1CC60B1000D017FA /* CGPMetaView */,
				A6AEAA1C1CC609E000D017FA /* AppDelegate.h */,
				A6AEAA1D1CC609E000D017FA /* AppDelegate.m */,
				A6AEAA1F1CC609E000D017FA /* ViewController.h */,
				A6AEAA201CC609E000D017FA /* ViewController.m */,
				A6AEAA221CC609E000D017FA /* Main.storyboard */,
				A6AEAA251CC609E000D017FA /* Assets.xcassets */,
				A6AEAA271CC609E000D017FA /* LaunchScreen.storyboard */,
				A6AEAA2A1CC609E000D017FA /* Info.plist */,
				A6AEAA191CC609E000D017FA /* Supporting Files */,
			);
			path = MetaWithEdit;
			sourceTree = "<group>";
		};
		A6AEAA191CC609E000D017FA /* Supporting Files */ = {
			isa = PBXGroup;
			children = (
				A6AEAA1A1CC609E000D017FA /* main.m */,
			);
			name = "Supporting Files";
			sourceTree = "<group>";
		};
		A6AEAA321CC609E000D017FA /* MetaWithEditTests */ = {
			isa = PBXGroup;
			children = (
				A6AEAA331CC609E000D017FA /* MetaWithEditTests.m */,
				A6AEAA351CC609E000D017FA /* Info.plist */,
			);
			path = MetaWithEditTests;
			sourceTree = "<group>";
		};
		A6AEAA3D1CC609E000D017FA /* MetaWithEditUITests */ = {
			isa = PBXGroup;
			children = (
				A6AEAA3E1CC609E000D017FA /* MetaWithEditUITests.m */,
				A6AEAA401CC609E000D017FA /* Info.plist */,
			);
			path = MetaWithEditUITests;
			sourceTree = "<group>";
		};
		A6AEAA4C1CC60B1000D017FA /* CGPMetaView */ = {
			isa = PBXGroup;
			children = (
				A6AEAA4D1CC60BB700D017FA /* CGPMetaButton.h */,
				A6AEAA4E1CC60BB700D017FA /* CGPMetaButton.m */,
				A6AEAA521CC63B5300D017FA /* CGPMetaView.h */,
				A6AEAA531CC63B5300D017FA /* CGPMetaView.m */,
			);
			path = CGPMetaView;
			sourceTree = "<group>";
		};
		A6F2B76E1CC7578800A0DFEA /* ButtonCategory */ = {
			isa = PBXGroup;
			children = (
				A6F2B7711CC7578800A0DFEA /* UIButton+EnlargeTouchArea.h */,
				A6F2B7721CC7578800A0DFEA /* UIButton+EnlargeTouchArea.m */,
			);
			path = ButtonCategory;
			sourceTree = "<group>";
		};
/* End PBXGroup section */

/* Begin PBXNativeTarget section */
		A6AEAA151CC609E000D017FA /* MetaWithEdit */ = {
			isa = PBXNativeTarget;
			buildConfigurationList = A6AEAA431CC609E000D017FA /* Build configuration list for PBXNativeTarget "MetaWithEdit" */;
			buildPhases = (
				A6AEAA121CC609E000D017FA /* Sources */,
				A6AEAA131CC609E000D017FA /* Frameworks */,
				A6AEAA141CC609E000D017FA /* Resources */,
			);
			buildRules = (
			);
			dependencies = (
			);
			name = MetaWithEdit;
			productName = MetaWithEdit;
			productReference = A6AEAA161CC609E000D017FA /* MetaWithEdit.app */;
			productType = "com.apple.product-type.application";
		};
		A6AEAA2E1CC609E000D017FA /* MetaWithEditTests */ = {
			isa = PBXNativeTarget;
			buildConfigurationList = A6AEAA461CC609E000D017FA /* Build configuration list for PBXNativeTarget "MetaWithEditTests" */;
			buildPhases = (
				A6AEAA2B1CC609E000D017FA /* Sources */,
				A6AEAA2C1CC609E000D017FA /* Frameworks */,
				A6AEAA2D1CC609E000D017FA /* Resources */,
			);
			buildRules = (
			);
			dependencies = (
				A6AEAA311CC609E000D017FA /* PBXTargetDependency */,
			);
			name = MetaWithEditTests;
			productName = MetaWithEditTests;
			productReference = A6AEAA2F1CC609E000D017FA /* MetaWithEditTests.xctest */;
			productType = "com.apple.product-type.bundle.unit-test";
		};
		A6AEAA391CC609E000D017FA /* MetaWithEditUITests */ = {
			isa = PBXNativeTarget;
			buildConfigurationList = A6AEAA491CC609E000D017FA /* Build configuration list for PBXNativeTarget "MetaWithEditUITests" */;
			buildPhases = (
				A6AEAA361CC609E000D017FA /* Sources */,
				A6AEAA371CC609E000D017FA /* Frameworks */,
				A6AEAA381CC609E000D017FA /* Resources */,
			);
			buildRules = (
			);
			dependencies = (
				A6AEAA3C1CC609E000D017FA /* PBXTargetDependency */,
			);
			name = MetaWithEditUITests;
			productName = MetaWithEditUITests;
			productReference = A6AEAA3A1CC609E000D017FA /* MetaWithEditUITests.xctest */;
			productType = "com.apple.product-type.bundle.ui-testing";
		};
/* End PBXNativeTarget section */

/* Begin PBXProject section */
		A6AEAA0E1CC609DF00D017FA /* Project object */ = {
			isa = PBXProject;
			attributes = {
				LastUpgradeCheck = 0720;
				ORGANIZATIONNAME = ChuGaopeng;
				TargetAttributes = {
					A6AEAA151CC609E000D017FA = {
						CreatedOnToolsVersion = 7.2;
					};
					A6AEAA2E1CC609E000D017FA = {
						CreatedOnToolsVersion = 7.2;
						TestTargetID = A6AEAA151CC609E000D017FA;
					};
					A6AEAA391CC609E000D017FA = {
						CreatedOnToolsVersion = 7.2;
						TestTargetID = A6AEAA151CC609E000D017FA;
					};
				};
			};
			buildConfigurationList = A6AEAA111CC609DF00D017FA /* Build configuration list for PBXProject "MetaWithEdit" */;
			compatibilityVersion = "Xcode 3.2";
			developmentRegion = English;
			hasScannedForEncodings = 0;
			knownRegions = (
				en,
				Base,
			);
			mainGroup = A6AEAA0D1CC609DF00D017FA;
			productRefGroup = A6AEAA171CC609E000D017FA /* Products */;
			projectDirPath = "";
			projectRoot = "";
			targets = (
				A6AEAA151CC609E000D017FA /* MetaWithEdit */,
				A6AEAA2E1CC609E000D017FA /* MetaWithEditTests */,
				A6AEAA391CC609E000D017FA /* MetaWithEditUITests */,
			);
		};
/* End PBXProject section */

/* Begin PBXResourcesBuildPhase section */
		A6AEAA141CC609E000D017FA /* Resources */ = {
			isa = PBXResourcesBuildPhase;
			buildActionMask = 2147483647;
			files = (
				A6AEAA291CC609E000D017FA /* LaunchScreen.storyboard in Resources */,
				A6AEAA261CC609E000D017FA /* Assets.xcassets in Resources */,
				A6AEAA241CC609E000D017FA /* Main.storyboard in Resources */,
			);
			runOnlyForDeploymentPostprocessing = 0;
		};
		A6AEAA2D1CC609E000D017FA /* Resources */ = {
			isa = PBXResourcesBuildPhase;
			buildActionMask = 2147483647;
			files = (
			);
			runOnlyForDeploymentPostprocessing = 0;
		};
		A6AEAA381CC609E000D017FA /* Resources */ = {
			isa = PBXResourcesBuildPhase;
			buildActionMask = 2147483647;
			files = (
			);
			runOnlyForDeploymentPostprocessing = 0;
		};
/* End PBXResourcesBuildPhase section */

/* Begin PBXSourcesBuildPhase section */
		A6AEAA121CC609E000D017FA /* Sources */ = {
			isa = PBXSourcesBuildPhase;
			buildActionMask = 2147483647;
			files = (
				A6AEAA211CC609E000D017FA /* ViewController.m in Sources */,
				A6F2B7741CC7578800A0DFEA /* UIButton+EnlargeTouchArea.m in Sources */,
				A6AEAA541CC63B5300D017FA /* CGPMetaView.m in Sources */,
				A6AEAA1E1CC609E000D017FA /* AppDelegate.m in Sources */,
				A6AEAA1B1CC609E000D017FA /* main.m in Sources */,
				A6AEAA4F1CC60BB700D017FA /* CGPMetaButton.m in Sources */,
			);
			runOnlyForDeploymentPostprocessing = 0;
		};
		A6AEAA2B1CC609E000D017FA /* Sources */ = {
			isa = PBXSourcesBuildPhase;
			buildActionMask = 2147483647;
			files = (
				A6AEAA341CC609E000D017FA /* MetaWithEditTests.m in Sources */,
			);
			runOnlyForDeploymentPostprocessing = 0;
		};
		A6AEAA361CC609E000D017FA /* Sources */ = {
			isa = PBXSourcesBuildPhase;
			buildActionMask = 2147483647;
			files = (
				A6AEAA3F1CC609E000D017FA /* MetaWithEditUITests.m in Sources */,
			);
			runOnlyForDeploymentPostprocessing = 0;
		};
/* End PBXSourcesBuildPhase section */

/* Begin PBXTargetDependency section */
		A6AEAA311CC609E000D017FA /* PBXTargetDependency */ = {
			isa = PBXTargetDependency;
			target = A6AEAA151CC609E000D017FA /* MetaWithEdit */;
			targetProxy = A6AEAA301CC609E000D017FA /* PBXContainerItemProxy */;
		};
		A6AEAA3C1CC609E000D017FA /* PBXTargetDependency */ = {
			isa = PBXTargetDependency;
			target = A6AEAA151CC609E000D017FA /* MetaWithEdit */;
			targetProxy = A6AEAA3B1CC609E000D017FA /* PBXContainerItemProxy */;
		};
/* End PBXTargetDependency section */

/* Begin PBXVariantGroup section */
		A6AEAA221CC609E000D017FA /* Main.storyboard */ = {
			isa = PBXVariantGroup;
			children = (
				A6AEAA231CC609E000D017FA /* Base */,
			);
			name = Main.storyboard;
			sourceTree = "<group>";
		};
		A6AEAA271CC609E000D017FA /* LaunchScreen.storyboard */ = {
			isa = PBXVariantGroup;
			children = (
				A6AEAA281CC609E000D017FA /* Base */,
			);
			name = LaunchScreen.storyboard;
			sourceTree = "<group>";
		};
/* End PBXVariantGroup section */

/* Begin XCBuildConfiguration section */
		A6AEAA411CC609E000D017FA /* Debug */ = {
			isa = XCBuildConfiguration;
			buildSettings = {
				ALWAYS_SEARCH_USER_PATHS = NO;
				CLANG_CXX_LANGUAGE_STANDARD = "gnu++0x";
				CLANG_CXX_LIBRARY = "libc++";
				CLANG_ENABLE_MODULES = YES;
				CLANG_ENABLE_OBJC_ARC = YES;
				CLANG_WARN_BOOL_CONVERSION = YES;
				CLANG_WARN_CONSTANT_CONVERSION = YES;
				CLANG_WARN_DIRECT_OBJC_ISA_USAGE = YES_ERROR;
				CLANG_WARN_EMPTY_BODY = YES;
				CLANG_WARN_ENUM_CONVERSION = YES;
				CLANG_WARN_INT_CONVERSION = YES;
				CLANG_WARN_OBJC_ROOT_CLASS = YES_ERROR;
				CLANG_WARN_UNREACHABLE_CODE = YES;
				CLANG_WARN__DUPLICATE_METHOD_MATCH = YES;
				"CODE_SIGN_IDENTITY[sdk=iphoneos*]" = "iPhone Developer";
				COPY_PHASE_STRIP = NO;
				DEBUG_INFORMATION_FORMAT = dwarf;
				ENABLE_STRICT_OBJC_MSGSEND = YES;
				ENABLE_TESTABILITY = YES;
				GCC_C_LANGUAGE_STANDARD = gnu99;
				GCC_DYNAMIC_NO_PIC = NO;
				GCC_NO_COMMON_BLOCKS = YES;
				GCC_OPTIMIZATION_LEVEL = 0;
				GCC_PREPROCESSOR_DEFINITIONS = (
					"DEBUG=1",
					"$(inherited)",
				);
				GCC_WARN_64_TO_32_BIT_CONVERSION = YES;
				GCC_WARN_ABOUT_RETURN_TYPE = YES_ERROR;
				GCC_WARN_UNDECLARED_SELECTOR = YES;
				GCC_WARN_UNINITIALIZED_AUTOS = YES_AGGRESSIVE;
				GCC_WARN_UNUSED_FUNCTION = YES;
				GCC_WARN_UNUSED_VARIABLE = YES;
				IPHONEOS_DEPLOYMENT_TARGET = 9.2;
				MTL_ENABLE_DEBUG_INFO = YES;
				ONLY_ACTIVE_ARCH = YES;
				SDKROOT = iphoneos;
			};
			name = Debug;
		};
		A6AEAA421CC609E000D017FA /* Release */ = {
			isa = XCBuildConfiguration;
			buildSettings = {
				ALWAYS_SEARCH_USER_PATHS = NO;
				CLANG_CXX_LANGUAGE_STANDARD = "gnu++0x";
				CLANG_CXX_LIBRARY = "libc++";
				CLANG_ENABLE_MODULES = YES;
				CLANG_ENABLE_OBJC_ARC = YES;
				CLANG_WARN_BOOL_CONVERSION = YES;
				CLANG_WARN_CONSTANT_CONVERSION = YES;
				CLANG_WARN_DIRECT_OBJC_ISA_USAGE = YES_ERROR;
				CLANG_WARN_EMPTY_BODY = YES;
				CLANG_WARN_ENUM_CONVERSION = YES;
				CLANG_WARN_INT_CONVERSION = YES;
				CLANG_WARN_OBJC_ROOT_CLASS = YES_ERROR;
				CLANG_WARN_UNREACHABLE_CODE = YES;
				CLANG_WARN__DUPLICATE_METHOD_MATCH = YES;
				"CODE_SIGN_IDENTITY[sdk=iphoneos*]" = "iPhone Developer";
				COPY_PHASE_STRIP = NO;
				DEBUG_INFORMATION_FORMAT = "dwarf-with-dsym";
				ENABLE_NS_ASSERTIONS = NO;
				ENABLE_STRICT_OBJC_MSGSEND = YES;
				GCC_C_LANGUAGE_STANDARD = gnu99;
				GCC_NO_COMMON_BLOCKS = YES;
				GCC_WARN_64_TO_32_BIT_CONVERSION = YES;
				GCC_WARN_ABOUT_RETURN_TYPE = YES_ERROR;
				GCC_WARN_UNDECLARED_SELECTOR = YES;
				GCC_WARN_UNINITIALIZED_AUTOS = YES_AGGRESSIVE;
				GCC_WARN_UNUSED_FUNCTION = YES;
				GCC_WARN_UNUSED_VARIABLE = YES;
				IPHONEOS_DEPLOYMENT_TARGET = 9.2;
				MTL_ENABLE_DEBUG_INFO = NO;
				SDKROOT = iphoneos;
				VALIDATE_PRODUCT = YES;
			};
			name = Release;
		};
		A6AEAA441CC609E000D017FA /* Debug */ = {
			isa = XCBuildConfiguration;
			baseConfigurationReference = 11C294731B2FEEE9B2FDD83A /* Pods.debug.xcconfig */;
			buildSettings = {
				ASSETCATALOG_COMPILER_APPICON_NAME = AppIcon;
				INFOPLIST_FILE = MetaWithEdit/Info.plist;
				LD_RUNPATH_SEARCH_PATHS = "$(inherited) @executable_path/Frameworks";
				PRODUCT_BUNDLE_IDENTIFIER = com.mirror.MetaWithEdit;
				PRODUCT_NAME = "$(TARGET_NAME)";
			};
			name = Debug;
		};
		A6AEAA451CC609E000D017FA /* Release */ = {
			isa = XCBuildConfiguration;
			baseConfigurationReference = 94A8A3A9C3FFEF30DFF98D7B /* Pods.release.xcconfig */;
			buildSettings = {
				ASSETCATALOG_COMPILER_APPICON_NAME = AppIcon;
				INFOPLIST_FILE = MetaWithEdit/Info.plist;
				LD_RUNPATH_SEARCH_PATHS = "$(inherited) @executable_path/Frameworks";
				PRODUCT_BUNDLE_IDENTIFIER = com.mirror.MetaWithEdit;
				PRODUCT_NAME = "$(TARGET_NAME)";
			};
			name = Release;
		};
		A6AEAA471CC609E000D017FA /* Debug */ = {
			isa = XCBuildConfiguration;
			buildSettings = {
				BUNDLE_LOADER = "$(TEST_HOST)";
				INFOPLIST_FILE = MetaWithEditTests/Info.plist;
				LD_RUNPATH_SEARCH_PATHS = "$(inherited) @executable_path/Frameworks @loader_path/Frameworks";
				PRODUCT_BUNDLE_IDENTIFIER = com.ChuGaopeng.MetaWithEditTests;
				PRODUCT_NAME = "$(TARGET_NAME)";
				TEST_HOST = "$(BUILT_PRODUCTS_DIR)/MetaWithEdit.app/MetaWithEdit";
			};
			name = Debug;
		};
		A6AEAA481CC609E000D017FA /* Release */ = {
			isa = XCBuildConfiguration;
			buildSettings = {
				BUNDLE_LOADER = "$(TEST_HOST)";
				INFOPLIST_FILE = MetaWithEditTests/Info.plist;
				LD_RUNPATH_SEARCH_PATHS = "$(inherited) @executable_path/Frameworks @loader_path/Frameworks";
				PRODUCT_BUNDLE_IDENTIFIER = com.ChuGaopeng.MetaWithEditTests;
				PRODUCT_NAME = "$(TARGET_NAME)";
				TEST_HOST = "$(BUILT_PRODUCTS_DIR)/MetaWithEdit.app/MetaWithEdit";
			};
			name = Release;
		};
		A6AEAA4A1CC609E000D017FA /* Debug */ = {
			isa = XCBuildConfiguration;
			buildSettings = {
				INFOPLIST_FILE = MetaWithEditUITests/Info.plist;
				LD_RUNPATH_SEARCH_PATHS = "$(inherited) @executable_path/Frameworks @loader_path/Frameworks";
				PRODUCT_BUNDLE_IDENTIFIER = com.ChuGaopeng.MetaWithEditUITests;
				PRODUCT_NAME = "$(TARGET_NAME)";
				TEST_TARGET_NAME = MetaWithEdit;
				USES_XCTRUNNER = YES;
			};
			name = Debug;
		};
		A6AEAA4B1CC609E000D017FA /* Release */ = {
			isa = XCBuildConfiguration;
			buildSettings = {
				INFOPLIST_FILE = MetaWithEditUITests/Info.plist;
				LD_RUNPATH_SEARCH_PATHS = "$(inherited) @executable_path/Frameworks @loader_path/Frameworks";
				PRODUCT_BUNDLE_IDENTIFIER = com.ChuGaopeng.MetaWithEditUITests;
				PRODUCT_NAME = "$(TARGET_NAME)";
				TEST_TARGET_NAME = MetaWithEdit;
				USES_XCTRUNNER = YES;
			};
			name = Release;
		};
/* End XCBuildConfiguration section */

/* Begin XCConfigurationList section */
		A6AEAA111CC609DF00D017FA /* Build configuration list for PBXProject "MetaWithEdit" */ = {
			isa = XCConfigurationList;
			buildConfigurations = (
				A6AEAA411CC609E000D017FA /* Debug */,
				A6AEAA421CC609E000D017FA /* Release */,
			);
			defaultConfigurationIsVisible = 0;
			defaultConfigurationName = Release;
		};
		A6AEAA431CC609E000D017FA /* Build configuration list for PBXNativeTarget "MetaWithEdit" */ = {
			isa = XCConfigurationList;
			buildConfigurations = (
				A6AEAA441CC609E000D017FA /* Debug */,
				A6AEAA451CC609E000D017FA /* Release */,
			);
			defaultConfigurationIsVisible = 0;
			defaultConfigurationName = Release;
		};
		A6AEAA461CC609E000D017FA /* Build configuration list for PBXNativeTarget "MetaWithEditTests" */ = {
			isa = XCConfigurationList;
			buildConfigurations = (
				A6AEAA471CC609E000D017FA /* Debug */,
				A6AEAA481CC609E000D017FA /* Release */,
			);
			defaultConfigurationIsVisible = 0;
			defaultConfigurationName = Release;
		};
		A6AEAA491CC609E000D017FA /* Build configuration list for PBXNativeTarget "MetaWithEditUITests" */ = {
			isa = XCConfigurationList;
			buildConfigurations = (
				A6AEAA4A1CC609E000D017FA /* Debug */,
				A6AEAA4B1CC609E000D017FA /* Release */,
			);
			defaultConfigurationIsVisible = 0;
			defaultConfigurationName = Release;
		};
/* End XCConfigurationList section */
	};
	rootObject = A6AEAA0E1CC609DF00D017FA /* Project object */;
}
